// !$*UTF8*$!
{
	archiveVersion = 1;
	classes = {
	};
	objectVersion = 77;
	objects = {

/* Begin PBXBuildFile section */
		01FAD357C747066DFEAB7B90 /* px4_events.py in Resources */ = {isa = PBXBuildFile; fileRef = B7B81D6550EFCFC9AB10269F /* px4_events.py */; };
		028F506545A2CC000DC10FF8 /* GCSFleetObservationStore.swift in Sources */ = {isa = PBXBuildFile; fileRef = B4C54501883F0A480DCA8EBB /* GCSFleetObservationStore.swift */; };
		06363387B2ACC69BB5BBDBB0 /* DroneAnnotationViews.swift in Sources */ = {isa = PBXBuildFile; fileRef = B700FADA1EBD3DB70D878460 /* DroneAnnotationViews.swift */; };
		091C66D92888242DA707372B /* LibraryViewStore.swift in Sources */ = {isa = PBXBuildFile; fileRef = 3776621835431D949972CFCA /* LibraryViewStore.swift */; };
		0B2871C810BAEDD6AD60B155 /* ImportOptions06.swift in Sources */ = {isa = PBXBuildFile; fileRef = D2C120A7ADD1771A31CA7DFE /* ImportOptions06.swift */; };
		0BDEB2BD8A2DDE5F525C0A51 /* DroneRegistryView.swift in Sources */ = {isa = PBXBuildFile; fileRef = D80CA19A2463BE25542CC90E /* DroneRegistryView.swift */; };
		0CCAF21EB6BE6CB9D2590097 /* ReportPreviewStore.swift in Sources */ = {isa = PBXBuildFile; fileRef = F4392CBB7FCBFA35145CCC17 /* ReportPreviewStore.swift */; };
		0F0CC77AF5A17C689B4646C3 /* flight_data.py in Resources */ = {isa = PBXBuildFile; fileRef = 4788E90D9FA8547F19241078 /* flight_data.py */; };
		0F2557868602850F27FA4AF1 /* SelectionScope.swift in Sources */ = {isa = PBXBuildFile; fileRef = DCD4A15E86B6498D3120066A /* SelectionScope.swift */; };
		0FE523BE994B69EE4D178BA2 /* DiagnosticBundle.swift in Sources */ = {isa = PBXBuildFile; fileRef = B82F6C233262E158BF9ABA17 /* DiagnosticBundle.swift */; };
		1138F55D7398D96D8093D951 /* analyzer.py in Resources */ = {isa = PBXBuildFile; fileRef = EC603D8E7A8E0DD113C174BB /* analyzer.py */; };
		1E5EA08A906E690DDCE90454 /* LibraryStorageStore.swift in Sources */ = {isa = PBXBuildFile; fileRef = 53B41688D88BD65000BB0B41 /* LibraryStorageStore.swift */; };
		1F79A47BEF8649BAF132A57F /* AlertExplanationView.swift in Sources */ = {isa = PBXBuildFile; fileRef = 2879274F7AD19AC7F2F22D47 /* AlertExplanationView.swift */; };
		244CACA55F30DDA40588BBA7 /* ApplicationLifecycle.swift in Sources */ = {isa = PBXBuildFile; fileRef = 81608F1EC59D6A4B4309FB7A /* ApplicationLifecycle.swift */; };
		2B111F3CA61E9B43BCEA891B /* GCSProcessService.swift in Sources */ = {isa = PBXBuildFile; fileRef = 1263800F19D2CD42409464DF /* GCSProcessService.swift */; };
		2C65A8F9F63417D88CC74C2F /* library_sources.py in Resources */ = {isa = PBXBuildFile; fileRef = 4EAE586501564398DAC80B69 /* library_sources.py */; };
		3470A2C48748F4BAD520EEAF /* LibraryStore.swift in Sources */ = {isa = PBXBuildFile; fileRef = 0ACBF6FE3DBC7EE0DCE73010 /* LibraryStore.swift */; };
		3898E772B1A14F8BC289D101 /* LibraryHelpViews.swift in Sources */ = {isa = PBXBuildFile; fileRef = C5EB0EE7CFDB8B5DE1DDBE53 /* LibraryHelpViews.swift */; };
		3B5A50C2502810407C46FBA6 /* Models.swift in Sources */ = {isa = PBXBuildFile; fileRef = 49A90C24B554927A24D87CB4 /* Models.swift */; };
		3BC941433531EB6D0D29FF87 /* ReportRenderer.swift in Sources */ = {isa = PBXBuildFile; fileRef = C3231E8CAB4E8B448FE112E3 /* ReportRenderer.swift */; };
		3CD6BF0C8CCD4BF5408696DC /* AnalysisService.swift in Sources */ = {isa = PBXBuildFile; fileRef = 767956B06EAA778ABDE3E546 /* AnalysisService.swift */; };
		3ED9370C71C3E4285F21B031 /* EngineRuntimeResolver.swift in Sources */ = {isa = PBXBuildFile; fileRef = AD541BCB131D49CF40F668A0 /* EngineRuntimeResolver.swift */; };
		4223A85F86AB072D4D8A8869 /* library_archives.py in Resources */ = {isa = PBXBuildFile; fileRef = 3247BD603F080AB50D31FEA9 /* library_archives.py */; };
		4765C3F67E0138495E6EBF07 /* SourcesImportView.swift in Sources */ = {isa = PBXBuildFile; fileRef = 7075CAFA2CC4FEBAA301301C /* SourcesImportView.swift */; };
		4886455A754F4290297CBE4A /* EngineOperations.swift in Sources */ = {isa = PBXBuildFile; fileRef = 6FD04F510482B3719AD7CD79 /* EngineOperations.swift */; };
		4B86F6CCC67DEDF0E5E9AA45 /* ParameterComparison.swift in Sources */ = {isa = PBXBuildFile; fileRef = E7EE405B99CA1977F2472FB4 /* ParameterComparison.swift */; };
		4C9E15E5221464DDA4E19B15 /* libKataLogCore.a in Frameworks */ = {isa = PBXBuildFile; fileRef = 9FE3B699A73B88B059D1ABA7 /* libKataLogCore.a */; };
		4DE75377E0595A1F4D9CAF16 /* gcs_collect.py in Resources */ = {isa = PBXBuildFile; fileRef = CA3768D8DAE5602B32723F6D /* gcs_collect.py */; };
		4F0878508BC3F619360FC520 /* DroneAnnotationStore.swift in Sources */ = {isa = PBXBuildFile; fileRef = A07E65B3288F0CCC78ABC99F /* DroneAnnotationStore.swift */; };
		4F67B7410FF75722B6A99E25 /* library_storage.py in Resources */ = {isa = PBXBuildFile; fileRef = B1EE23A87F76652BFFAF41B7 /* library_storage.py */; };
		5165BFA8B0EC7811C04BEF1F /* WorkspaceDesign.swift in Sources */ = {isa = PBXBuildFile; fileRef = BE95C4D29AE5477B63160E3E /* WorkspaceDesign.swift */; };
		54EDE7EFFC2FA19C752E51E3 /* AppPreviewConfiguration.swift in Sources */ = {isa = PBXBuildFile; fileRef = E98860FD022BF7F7428184D5 /* AppPreviewConfiguration.swift */; };
		63DA243174849ADBE2F827BB /* main.swift in Sources */ = {isa = PBXBuildFile; fileRef = BD3E883DBD573A4915EAB398 /* main.swift */; };
		6EF20646AD4817137B1BC471 /* GCSModels.swift in Sources */ = {isa = PBXBuildFile; fileRef = E9BF98186288FB77D7CDC93D /* GCSModels.swift */; };
		6F05FE6129C7D6A5FBA722D4 /* GCSQueueRepository.swift in Sources */ = {isa = PBXBuildFile; fileRef = 509DD61E32EADEC4B75D6E54 /* GCSQueueRepository.swift */; };
		7706D666FE74BF8BB7DC6420 /* LibraryStorageService.swift in Sources */ = {isa = PBXBuildFile; fileRef = B2199BD4DC630CCF86B4C4F8 /* LibraryStorageService.swift */; };
		77F0C88A506BE0B40E028ED3 /* MaskImpact06.swift in Sources */ = {isa = PBXBuildFile; fileRef = FFF65C0B487A5E345983033B /* MaskImpact06.swift */; };
		7C6D3C71BF1E27AF0BE9FD75 /* CoreLibraryUX.swift in Sources */ = {isa = PBXBuildFile; fileRef = 54FB48920B4EBE713B760440 /* CoreLibraryUX.swift */; };
		84987209B56C609F522B0BDA /* FlightStudyStore.swift in Sources */ = {isa = PBXBuildFile; fileRef = B085C2B7B159C343A410F297 /* FlightStudyStore.swift */; };
		85D4FA6D7AABAE03E8CA7736 /* Workspace06View.swift in Sources */ = {isa = PBXBuildFile; fileRef = A9A172B8D44CC0C1F51B4646 /* Workspace06View.swift */; };
		8AE37F23A9C80658CAD06EFC /* SourcesImportStore.swift in Sources */ = {isa = PBXBuildFile; fileRef = 45F6134D0159F030AB69770D /* SourcesImportStore.swift */; };
		8BFD16EE6274FB18DA381311 /* ReportExportService.swift in Sources */ = {isa = PBXBuildFile; fileRef = D9725E1DD4102C316B4DBDFB /* ReportExportService.swift */; };
		8DA6390DA4C619A1F354FBE0 /* UpdatePolicy.swift in Sources */ = {isa = PBXBuildFile; fileRef = DC36BEBC525C10247219C76B /* UpdatePolicy.swift */; };
		91657763976C25B68DA10FC2 /* library_reports.py in Resources */ = {isa = PBXBuildFile; fileRef = 5369C54E1184E23D26B6DAC2 /* library_reports.py */; };
		939E976794446F159D4DB445 /* EventDictionaryService.swift in Sources */ = {isa = PBXBuildFile; fileRef = 6C74BC6513FA9237CC8CF2AA /* EventDictionaryService.swift */; };
		9470399B4461298CF8830C84 /* TelemetryReport.swift in Sources */ = {isa = PBXBuildFile; fileRef = FC7FA7611319A2C592BE4F64 /* TelemetryReport.swift */; };
		9D3BC30BE8EEE560D0CC2E2D /* AlertKnowledge.swift in Sources */ = {isa = PBXBuildFile; fileRef = 9DC881E5A3314E11ACF46DD1 /* AlertKnowledge.swift */; };
		9E8B88AC99D42CB8A7CF9A23 /* ReportInteraction.swift in Sources */ = {isa = PBXBuildFile; fileRef = A212A8CC9F08D187462D8ACB /* ReportInteraction.swift */; };
		9FE53A4AB01CA1A65997F1F3 /* FlightAnalysisView.swift in Sources */ = {isa = PBXBuildFile; fileRef = 250C21DF8E49488C594D7485 /* FlightAnalysisView.swift */; };
		A8733E5DE8EE1895DF681CF7 /* library_repository.py in Resources */ = {isa = PBXBuildFile; fileRef = F3E6103FEB3E5830E8AFE8BB /* library_repository.py */; };
		AD703E61D8DD32144C991593 /* RecordedMetadataView.swift in Sources */ = {isa = PBXBuildFile; fileRef = E2E283DB8D687AB07D82F948 /* RecordedMetadataView.swift */; };
		AD99079BA035AFD388F3DD67 /* signal_assessment.py in Resources */ = {isa = PBXBuildFile; fileRef = 293BF69519EAB96FA6E8F777 /* signal_assessment.py */; };
		AFC4E1BC00350A4426AD22E7 /* GCSStore.swift in Sources */ = {isa = PBXBuildFile; fileRef = 44288B5CAF3F1AFD2A1B24A7 /* GCSStore.swift */; };
		B0177B018900B553C71F4DC6 /* DiagnosticView.swift in Sources */ = {isa = PBXBuildFile; fileRef = E1FDB937BBB983BCB1B98625 /* DiagnosticView.swift */; };
		B733E9AEBC091B4723F3A709 /* LibraryWriterLease.swift in Sources */ = {isa = PBXBuildFile; fileRef = 46D1BE9A940609E99FB3ECAA /* LibraryWriterLease.swift */; };
		B74F8DD4BE4540C99EFAD435 /* DiagnosticStore.swift in Sources */ = {isa = PBXBuildFile; fileRef = 774ECB82F30B1BD18515741C /* DiagnosticStore.swift */; };
		B7FB782F83E6735C68F14563 /* Sparkle in Frameworks */ = {isa = PBXBuildFile; productRef = 8313E156EF1AEF1010BAD510 /* Sparkle */; };
		BC04B7ED21CDBEB3B1D0C293 /* DiagnosticJournal.swift in Sources */ = {isa = PBXBuildFile; fileRef = 64C389996F4E1F97EA8457ED /* DiagnosticJournal.swift */; };
		BCEDFB76A3E1C64E537F005D /* TelemetryService.swift in Sources */ = {isa = PBXBuildFile; fileRef = 8CBB1A0BBFB7632EBE80C42A /* TelemetryService.swift */; };
		C1396172B3A5C1F2B5E7BD1C /* DiagnosticReport.swift in Sources */ = {isa = PBXBuildFile; fileRef = F78C0E50EA6B58794247C08E /* DiagnosticReport.swift */; };
		C4F2D97AF71575A2FB74F124 /* AnalysisRevisionService.swift in Sources */ = {isa = PBXBuildFile; fileRef = 0CF1B557B87CF0542B7B021C /* AnalysisRevisionService.swift */; };
		C533326012BD2DBE67655764 /* JSONValue.swift in Sources */ = {isa = PBXBuildFile; fileRef = F8C9660D3F5B78E8C9897CA8 /* JSONValue.swift */; };
		C6D2F3D7E4D8B652FFD556EB /* ReportScopeManifest.swift in Sources */ = {isa = PBXBuildFile; fileRef = 85F83077C2622F2D653FD323 /* ReportScopeManifest.swift */; };
		C6FC5437E52C9A884CA5D236 /* TimelineSelection.swift in Sources */ = {isa = PBXBuildFile; fileRef = 3929246EF13BE77D33E614D2 /* TimelineSelection.swift */; };
		C9210DFBEBBEDA89BED4FCF3 /* FlightDetailView.swift in Sources */ = {isa = PBXBuildFile; fileRef = 00A827A86B61CF8D2BE671D9 /* FlightDetailView.swift */; };
		C95D637CF952A96D6CD0907C /* ScopeEditor06.swift in Sources */ = {isa = PBXBuildFile; fileRef = 3A22EB2F4DB6766C557625E5 /* ScopeEditor06.swift */; };
		CA5280482EA82FEC2B0460D6 /* telemetry_extractor.py in Resources */ = {isa = PBXBuildFile; fileRef = 34AD89AA23F72FC6283E90E9 /* telemetry_extractor.py */; };
		CB71A87047390D93774FA67F /* UpdateStore.swift in Sources */ = {isa = PBXBuildFile; fileRef = 7857E2633A19111A82DF1360 /* UpdateStore.swift */; };
		D239355F95D69EC834380D99 /* FlightSheet06.swift in Sources */ = {isa = PBXBuildFile; fileRef = C823AC8E27FE792570BB618A /* FlightSheet06.swift */; };
		D3A4FC0103B350AEC902C4B6 /* LibraryQuery.swift in Sources */ = {isa = PBXBuildFile; fileRef = E16084A02D7AC8C706706D48 /* LibraryQuery.swift */; };
		D3F7966C77D1C5980BE95B9E /* GCSServiceDiagnostics.swift in Sources */ = {isa = PBXBuildFile; fileRef = 5D490EED808F6F284E88FEA6 /* GCSServiceDiagnostics.swift */; };
		D3F7E1E2E6A7AD254836BFC0 /* DroneAnnotations.swift in Sources */ = {isa = PBXBuildFile; fileRef = 8B5BE6BDA87F822ED233D32F /* DroneAnnotations.swift */; };
		E0171A9EE311264A85A19C0E /* ReportStyle.swift in Sources */ = {isa = PBXBuildFile; fileRef = B026F80BFABB5D3B2AE6107F /* ReportStyle.swift */; };
		E05CC86685E9C9432B51D1A9 /* ProcessLifetime.swift in Sources */ = {isa = PBXBuildFile; fileRef = B80F2C01F1D2B5D5CB596859 /* ProcessLifetime.swift */; };
		E0C026A3A1A1B6D54E6AC3A3 /* EventBrowserView.swift in Sources */ = {isa = PBXBuildFile; fileRef = 381DCE4D44FBD73F1B09DC01 /* EventBrowserView.swift */; };
		E74F447128F666DE6B29CB5D /* GCSCollectionView.swift in Sources */ = {isa = PBXBuildFile; fileRef = BA713F204AA86A1025CDA21F /* GCSCollectionView.swift */; };
		EA5556CA10BD284FEA285397 /* FleetMapView.swift in Sources */ = {isa = PBXBuildFile; fileRef = 4F4A48F7FF34BF817A29A662 /* FleetMapView.swift */; };
		EBF73258F86F97774D49F830 /* AnalysisRevisionsView.swift in Sources */ = {isa = PBXBuildFile; fileRef = D04D50D0B4BE0AF590382E3B /* AnalysisRevisionsView.swift */; };
		EE5A65B72D33A317E7F01884 /* GNSSCoverage.swift in Sources */ = {isa = PBXBuildFile; fileRef = 9C7E4498DE9FA167DF465E48 /* GNSSCoverage.swift */; };
		F65723071801E971BF3CE7B7 /* UpdateSettingsView.swift in Sources */ = {isa = PBXBuildFile; fileRef = 9E37575D142A735F0733E355 /* UpdateSettingsView.swift */; };
		FE6A095B24CDDEAE2DFB193B /* KataLog.icns in Resources */ = {isa = PBXBuildFile; fileRef = 15D7E9BEE4F099F75643C742 /* KataLog.icns */; };
/* End PBXBuildFile section */

/* Begin PBXContainerItemProxy section */
		89B3660F1F778385246D69F0 /* PBXContainerItemProxy */ = {
			isa = PBXContainerItemProxy;
			containerPortal = BD6FF7C02326B01276596D62 /* Project object */;
			proxyType = 1;
			remoteGlobalIDString = 07B9B7041EE5E6AC4D2F4575;
			remoteInfo = KataLogCore;
		};
/* End PBXContainerItemProxy section */

/* Begin PBXFileReference section */
		00A827A86B61CF8D2BE671D9 /* FlightDetailView.swift */ = {isa = PBXFileReference; lastKnownFileType = sourcecode.swift; path = FlightDetailView.swift; sourceTree = "<group>"; };
		0ACBF6FE3DBC7EE0DCE73010 /* LibraryStore.swift */ = {isa = PBXFileReference; lastKnownFileType = sourcecode.swift; path = LibraryStore.swift; sourceTree = "<group>"; };
		0CF1B557B87CF0542B7B021C /* AnalysisRevisionService.swift */ = {isa = PBXFileReference; lastKnownFileType = sourcecode.swift; path = AnalysisRevisionService.swift; sourceTree = "<group>"; };
		1263800F19D2CD42409464DF /* GCSProcessService.swift */ = {isa = PBXFileReference; lastKnownFileType = sourcecode.swift; path = GCSProcessService.swift; sourceTree = "<group>"; };
		15D7E9BEE4F099F75643C742 /* KataLog.icns */ = {isa = PBXFileReference; lastKnownFileType = image.icns; path = KataLog.icns; sourceTree = "<group>"; };
		250C21DF8E49488C594D7485 /* FlightAnalysisView.swift */ = {isa = PBXFileReference; lastKnownFileType = sourcecode.swift; path = FlightAnalysisView.swift; sourceTree = "<group>"; };
		2879274F7AD19AC7F2F22D47 /* AlertExplanationView.swift */ = {isa = PBXFileReference; lastKnownFileType = sourcecode.swift; path = AlertExplanationView.swift; sourceTree = "<group>"; };
		293BF69519EAB96FA6E8F777 /* signal_assessment.py */ = {isa = PBXFileReference; lastKnownFileType = text.script.python; path = signal_assessment.py; sourceTree = "<group>"; };
		3247BD603F080AB50D31FEA9 /* library_archives.py */ = {isa = PBXFileReference; lastKnownFileType = text.script.python; path = library_archives.py; sourceTree = "<group>"; };
		34AD89AA23F72FC6283E90E9 /* telemetry_extractor.py */ = {isa = PBXFileReference; lastKnownFileType = text.script.python; path = telemetry_extractor.py; sourceTree = "<group>"; };
		3776621835431D949972CFCA /* LibraryViewStore.swift */ = {isa = PBXFileReference; lastKnownFileType = sourcecode.swift; path = LibraryViewStore.swift; sourceTree = "<group>"; };
		381DCE4D44FBD73F1B09DC01 /* EventBrowserView.swift */ = {isa = PBXFileReference; lastKnownFileType = sourcecode.swift; path = EventBrowserView.swift; sourceTree = "<group>"; };
		3929246EF13BE77D33E614D2 /* TimelineSelection.swift */ = {isa = PBXFileReference; lastKnownFileType = sourcecode.swift; path = TimelineSelection.swift; sourceTree = "<group>"; };
		3A22EB2F4DB6766C557625E5 /* ScopeEditor06.swift */ = {isa = PBXFileReference; lastKnownFileType = sourcecode.swift; path = ScopeEditor06.swift; sourceTree = "<group>"; };
		44288B5CAF3F1AFD2A1B24A7 /* GCSStore.swift */ = {isa = PBXFileReference; lastKnownFileType = sourcecode.swift; path = GCSStore.swift; sourceTree = "<group>"; };
		45F6134D0159F030AB69770D /* SourcesImportStore.swift */ = {isa = PBXFileReference; lastKnownFileType = sourcecode.swift; path = SourcesImportStore.swift; sourceTree = "<group>"; };
		46D1BE9A940609E99FB3ECAA /* LibraryWriterLease.swift */ = {isa = PBXFileReference; lastKnownFileType = sourcecode.swift; path = LibraryWriterLease.swift; sourceTree = "<group>"; };
		4788E90D9FA8547F19241078 /* flight_data.py */ = {isa = PBXFileReference; lastKnownFileType = text.script.python; path = flight_data.py; sourceTree = "<group>"; };
		49A90C24B554927A24D87CB4 /* Models.swift */ = {isa = PBXFileReference; lastKnownFileType = sourcecode.swift; path = Models.swift; sourceTree = "<group>"; };
		4EAE586501564398DAC80B69 /* library_sources.py */ = {isa = PBXFileReference; lastKnownFileType = text.script.python; path = library_sources.py; sourceTree = "<group>"; };
		4F4A48F7FF34BF817A29A662 /* FleetMapView.swift */ = {isa = PBXFileReference; lastKnownFileType = sourcecode.swift; path = FleetMapView.swift; sourceTree = "<group>"; };
		509DD61E32EADEC4B75D6E54 /* GCSQueueRepository.swift */ = {isa = PBXFileReference; lastKnownFileType = sourcecode.swift; path = GCSQueueRepository.swift; sourceTree = "<group>"; };
		5369C54E1184E23D26B6DAC2 /* library_reports.py */ = {isa = PBXFileReference; lastKnownFileType = text.script.python; path = library_reports.py; sourceTree = "<group>"; };
		53B41688D88BD65000BB0B41 /* LibraryStorageStore.swift */ = {isa = PBXFileReference; lastKnownFileType = sourcecode.swift; path = LibraryStorageStore.swift; sourceTree = "<group>"; };
		54FB48920B4EBE713B760440 /* CoreLibraryUX.swift */ = {isa = PBXFileReference; lastKnownFileType = sourcecode.swift; path = CoreLibraryUX.swift; sourceTree = "<group>"; };
		5D490EED808F6F284E88FEA6 /* GCSServiceDiagnostics.swift */ = {isa = PBXFileReference; lastKnownFileType = sourcecode.swift; path = GCSServiceDiagnostics.swift; sourceTree = "<group>"; };
		64C389996F4E1F97EA8457ED /* DiagnosticJournal.swift */ = {isa = PBXFileReference; lastKnownFileType = sourcecode.swift; path = DiagnosticJournal.swift; sourceTree = "<group>"; };
		67CA2340F1A10C83ADAB2077 /* KataLog.app */ = {isa = PBXFileReference; explicitFileType = wrapper.application; includeInIndex = 0; path = KataLog.app; sourceTree = BUILT_PRODUCTS_DIR; };
		6C74BC6513FA9237CC8CF2AA /* EventDictionaryService.swift */ = {isa = PBXFileReference; lastKnownFileType = sourcecode.swift; path = EventDictionaryService.swift; sourceTree = "<group>"; };
		6FD04F510482B3719AD7CD79 /* EngineOperations.swift */ = {isa = PBXFileReference; lastKnownFileType = sourcecode.swift; path = EngineOperations.swift; sourceTree = "<group>"; };
		7075CAFA2CC4FEBAA301301C /* SourcesImportView.swift */ = {isa = PBXFileReference; lastKnownFileType = sourcecode.swift; path = SourcesImportView.swift; sourceTree = "<group>"; };
		767956B06EAA778ABDE3E546 /* AnalysisService.swift */ = {isa = PBXFileReference; lastKnownFileType = sourcecode.swift; path = AnalysisService.swift; sourceTree = "<group>"; };
		774ECB82F30B1BD18515741C /* DiagnosticStore.swift */ = {isa = PBXFileReference; lastKnownFileType = sourcecode.swift; path = DiagnosticStore.swift; sourceTree = "<group>"; };
		7857E2633A19111A82DF1360 /* UpdateStore.swift */ = {isa = PBXFileReference; lastKnownFileType = sourcecode.swift; path = UpdateStore.swift; sourceTree = "<group>"; };
		81608F1EC59D6A4B4309FB7A /* ApplicationLifecycle.swift */ = {isa = PBXFileReference; lastKnownFileType = sourcecode.swift; path = ApplicationLifecycle.swift; sourceTree = "<group>"; };
		85F83077C2622F2D653FD323 /* ReportScopeManifest.swift */ = {isa = PBXFileReference; lastKnownFileType = sourcecode.swift; path = ReportScopeManifest.swift; sourceTree = "<group>"; };
		8B5BE6BDA87F822ED233D32F /* DroneAnnotations.swift */ = {isa = PBXFileReference; lastKnownFileType = sourcecode.swift; path = DroneAnnotations.swift; sourceTree = "<group>"; };
		8CBB1A0BBFB7632EBE80C42A /* TelemetryService.swift */ = {isa = PBXFileReference; lastKnownFileType = sourcecode.swift; path = TelemetryService.swift; sourceTree = "<group>"; };
		9C7E4498DE9FA167DF465E48 /* GNSSCoverage.swift */ = {isa = PBXFileReference; lastKnownFileType = sourcecode.swift; path = GNSSCoverage.swift; sourceTree = "<group>"; };
		9DC881E5A3314E11ACF46DD1 /* AlertKnowledge.swift */ = {isa = PBXFileReference; lastKnownFileType = sourcecode.swift; path = AlertKnowledge.swift; sourceTree = "<group>"; };
		9E37575D142A735F0733E355 /* UpdateSettingsView.swift */ = {isa = PBXFileReference; lastKnownFileType = sourcecode.swift; path = UpdateSettingsView.swift; sourceTree = "<group>"; };
		9FE3B699A73B88B059D1ABA7 /* libKataLogCore.a */ = {isa = PBXFileReference; explicitFileType = archive.ar; includeInIndex = 0; path = libKataLogCore.a; sourceTree = BUILT_PRODUCTS_DIR; };
		A07E65B3288F0CCC78ABC99F /* DroneAnnotationStore.swift */ = {isa = PBXFileReference; lastKnownFileType = sourcecode.swift; path = DroneAnnotationStore.swift; sourceTree = "<group>"; };
		A212A8CC9F08D187462D8ACB /* ReportInteraction.swift */ = {isa = PBXFileReference; lastKnownFileType = sourcecode.swift; path = ReportInteraction.swift; sourceTree = "<group>"; };
		A9A172B8D44CC0C1F51B4646 /* Workspace06View.swift */ = {isa = PBXFileReference; lastKnownFileType = sourcecode.swift; path = Workspace06View.swift; sourceTree = "<group>"; };
		AD541BCB131D49CF40F668A0 /* EngineRuntimeResolver.swift */ = {isa = PBXFileReference; lastKnownFileType = sourcecode.swift; path = EngineRuntimeResolver.swift; sourceTree = "<group>"; };
		B026F80BFABB5D3B2AE6107F /* ReportStyle.swift */ = {isa = PBXFileReference; lastKnownFileType = sourcecode.swift; path = ReportStyle.swift; sourceTree = "<group>"; };
		B085C2B7B159C343A410F297 /* FlightStudyStore.swift */ = {isa = PBXFileReference; lastKnownFileType = sourcecode.swift; path = FlightStudyStore.swift; sourceTree = "<group>"; };
		B1EE23A87F76652BFFAF41B7 /* library_storage.py */ = {isa = PBXFileReference; lastKnownFileType = text.script.python; path = library_storage.py; sourceTree = "<group>"; };
		B2199BD4DC630CCF86B4C4F8 /* LibraryStorageService.swift */ = {isa = PBXFileReference; lastKnownFileType = sourcecode.swift; path = LibraryStorageService.swift; sourceTree = "<group>"; };
		B4C54501883F0A480DCA8EBB /* GCSFleetObservationStore.swift */ = {isa = PBXFileReference; lastKnownFileType = sourcecode.swift; path = GCSFleetObservationStore.swift; sourceTree = "<group>"; };
		B700FADA1EBD3DB70D878460 /* DroneAnnotationViews.swift */ = {isa = PBXFileReference; lastKnownFileType = sourcecode.swift; path = DroneAnnotationViews.swift; sourceTree = "<group>"; };
		B7B81D6550EFCFC9AB10269F /* px4_events.py */ = {isa = PBXFileReference; lastKnownFileType = text.script.python; path = px4_events.py; sourceTree = "<group>"; };
		B80F2C01F1D2B5D5CB596859 /* ProcessLifetime.swift */ = {isa = PBXFileReference; lastKnownFileType = sourcecode.swift; path = ProcessLifetime.swift; sourceTree = "<group>"; };
		B82F6C233262E158BF9ABA17 /* DiagnosticBundle.swift */ = {isa = PBXFileReference; lastKnownFileType = sourcecode.swift; path = DiagnosticBundle.swift; sourceTree = "<group>"; };
		BA713F204AA86A1025CDA21F /* GCSCollectionView.swift */ = {isa = PBXFileReference; lastKnownFileType = sourcecode.swift; path = GCSCollectionView.swift; sourceTree = "<group>"; };
		BD3E883DBD573A4915EAB398 /* main.swift */ = {isa = PBXFileReference; lastKnownFileType = sourcecode.swift; path = main.swift; sourceTree = "<group>"; };
		BE95C4D29AE5477B63160E3E /* WorkspaceDesign.swift */ = {isa = PBXFileReference; lastKnownFileType = sourcecode.swift; path = WorkspaceDesign.swift; sourceTree = "<group>"; };
		C3231E8CAB4E8B448FE112E3 /* ReportRenderer.swift */ = {isa = PBXFileReference; lastKnownFileType = sourcecode.swift; path = ReportRenderer.swift; sourceTree = "<group>"; };
		C5EB0EE7CFDB8B5DE1DDBE53 /* LibraryHelpViews.swift */ = {isa = PBXFileReference; lastKnownFileType = sourcecode.swift; path = LibraryHelpViews.swift; sourceTree = "<group>"; };
		C823AC8E27FE792570BB618A /* FlightSheet06.swift */ = {isa = PBXFileReference; lastKnownFileType = sourcecode.swift; path = FlightSheet06.swift; sourceTree = "<group>"; };
		CA3768D8DAE5602B32723F6D /* gcs_collect.py */ = {isa = PBXFileReference; lastKnownFileType = text.script.python; path = gcs_collect.py; sourceTree = "<group>"; };
		D04D50D0B4BE0AF590382E3B /* AnalysisRevisionsView.swift */ = {isa = PBXFileReference; lastKnownFileType = sourcecode.swift; path = AnalysisRevisionsView.swift; sourceTree = "<group>"; };
		D2C120A7ADD1771A31CA7DFE /* ImportOptions06.swift */ = {isa = PBXFileReference; lastKnownFileType = sourcecode.swift; path = ImportOptions06.swift; sourceTree = "<group>"; };
		D80CA19A2463BE25542CC90E /* DroneRegistryView.swift */ = {isa = PBXFileReference; lastKnownFileType = sourcecode.swift; path = DroneRegistryView.swift; sourceTree = "<group>"; };
		D9725E1DD4102C316B4DBDFB /* ReportExportService.swift */ = {isa = PBXFileReference; lastKnownFileType = sourcecode.swift; path = ReportExportService.swift; sourceTree = "<group>"; };
		DC36BEBC525C10247219C76B /* UpdatePolicy.swift */ = {isa = PBXFileReference; lastKnownFileType = sourcecode.swift; path = UpdatePolicy.swift; sourceTree = "<group>"; };
		DCD4A15E86B6498D3120066A /* SelectionScope.swift */ = {isa = PBXFileReference; lastKnownFileType = sourcecode.swift; path = SelectionScope.swift; sourceTree = "<group>"; };
		E16084A02D7AC8C706706D48 /* LibraryQuery.swift */ = {isa = PBXFileReference; lastKnownFileType = sourcecode.swift; path = LibraryQuery.swift; sourceTree = "<group>"; };
		E1FDB937BBB983BCB1B98625 /* DiagnosticView.swift */ = {isa = PBXFileReference; lastKnownFileType = sourcecode.swift; path = DiagnosticView.swift; sourceTree = "<group>"; };
		E2E283DB8D687AB07D82F948 /* RecordedMetadataView.swift */ = {isa = PBXFileReference; lastKnownFileType = sourcecode.swift; path = RecordedMetadataView.swift; sourceTree = "<group>"; };
		E7EE405B99CA1977F2472FB4 /* ParameterComparison.swift */ = {isa = PBXFileReference; lastKnownFileType = sourcecode.swift; path = ParameterComparison.swift; sourceTree = "<group>"; };
		E98860FD022BF7F7428184D5 /* AppPreviewConfiguration.swift */ = {isa = PBXFileReference; lastKnownFileType = sourcecode.swift; path = AppPreviewConfiguration.swift; sourceTree = "<group>"; };
		E9BF98186288FB77D7CDC93D /* GCSModels.swift */ = {isa = PBXFileReference; lastKnownFileType = sourcecode.swift; path = GCSModels.swift; sourceTree = "<group>"; };
		EC603D8E7A8E0DD113C174BB /* analyzer.py */ = {isa = PBXFileReference; lastKnownFileType = text.script.python; path = analyzer.py; sourceTree = "<group>"; };
		F3E6103FEB3E5830E8AFE8BB /* library_repository.py */ = {isa = PBXFileReference; lastKnownFileType = text.script.python; path = library_repository.py; sourceTree = "<group>"; };
		F4392CBB7FCBFA35145CCC17 /* ReportPreviewStore.swift */ = {isa = PBXFileReference; lastKnownFileType = sourcecode.swift; path = ReportPreviewStore.swift; sourceTree = "<group>"; };
		F78C0E50EA6B58794247C08E /* DiagnosticReport.swift */ = {isa = PBXFileReference; lastKnownFileType = sourcecode.swift; path = DiagnosticReport.swift; sourceTree = "<group>"; };
		F8C9660D3F5B78E8C9897CA8 /* JSONValue.swift */ = {isa = PBXFileReference; lastKnownFileType = sourcecode.swift; path = JSONValue.swift; sourceTree = "<group>"; };
		FC7FA7611319A2C592BE4F64 /* TelemetryReport.swift */ = {isa = PBXFileReference; lastKnownFileType = sourcecode.swift; path = TelemetryReport.swift; sourceTree = "<group>"; };
		FFF65C0B487A5E345983033B /* MaskImpact06.swift */ = {isa = PBXFileReference; lastKnownFileType = sourcecode.swift; path = MaskImpact06.swift; sourceTree = "<group>"; };
/* End PBXFileReference section */

/* Begin PBXFrameworksBuildPhase section */
		8924778D60D3A8778286D990 /* Frameworks */ = {
			isa = PBXFrameworksBuildPhase;
			buildActionMask = 2147483647;
			files = (
				4C9E15E5221464DDA4E19B15 /* libKataLogCore.a in Frameworks */,
				B7FB782F83E6735C68F14563 /* Sparkle in Frameworks */,
			);
			runOnlyForDeploymentPostprocessing = 0;
		};
/* End PBXFrameworksBuildPhase section */

/* Begin PBXGroup section */
		20CC674791F27DD5DD63D0E8 /* KataLog */ = {
			isa = PBXGroup;
			children = (
				2879274F7AD19AC7F2F22D47 /* AlertExplanationView.swift */,
				D04D50D0B4BE0AF590382E3B /* AnalysisRevisionsView.swift */,
				81608F1EC59D6A4B4309FB7A /* ApplicationLifecycle.swift */,
				E98860FD022BF7F7428184D5 /* AppPreviewConfiguration.swift */,
				774ECB82F30B1BD18515741C /* DiagnosticStore.swift */,
				E1FDB937BBB983BCB1B98625 /* DiagnosticView.swift */,
				A07E65B3288F0CCC78ABC99F /* DroneAnnotationStore.swift */,
				B700FADA1EBD3DB70D878460 /* DroneAnnotationViews.swift */,
				D80CA19A2463BE25542CC90E /* DroneRegistryView.swift */,
				381DCE4D44FBD73F1B09DC01 /* EventBrowserView.swift */,
				4F4A48F7FF34BF817A29A662 /* FleetMapView.swift */,
				250C21DF8E49488C594D7485 /* FlightAnalysisView.swift */,
				00A827A86B61CF8D2BE671D9 /* FlightDetailView.swift */,
				C823AC8E27FE792570BB618A /* FlightSheet06.swift */,
				B085C2B7B159C343A410F297 /* FlightStudyStore.swift */,
				BA713F204AA86A1025CDA21F /* GCSCollectionView.swift */,
				B4C54501883F0A480DCA8EBB /* GCSFleetObservationStore.swift */,
				44288B5CAF3F1AFD2A1B24A7 /* GCSStore.swift */,
				D2C120A7ADD1771A31CA7DFE /* ImportOptions06.swift */,
				C5EB0EE7CFDB8B5DE1DDBE53 /* LibraryHelpViews.swift */,
				53B41688D88BD65000BB0B41 /* LibraryStorageStore.swift */,
				0ACBF6FE3DBC7EE0DCE73010 /* LibraryStore.swift */,
				3776621835431D949972CFCA /* LibraryViewStore.swift */,
				BD3E883DBD573A4915EAB398 /* main.swift */,
				FFF65C0B487A5E345983033B /* MaskImpact06.swift */,
				E2E283DB8D687AB07D82F948 /* RecordedMetadataView.swift */,
				F4392CBB7FCBFA35145CCC17 /* ReportPreviewStore.swift */,
				3A22EB2F4DB6766C557625E5 /* ScopeEditor06.swift */,
				45F6134D0159F030AB69770D /* SourcesImportStore.swift */,
				7075CAFA2CC4FEBAA301301C /* SourcesImportView.swift */,
				9E37575D142A735F0733E355 /* UpdateSettingsView.swift */,
				7857E2633A19111A82DF1360 /* UpdateStore.swift */,
				A9A172B8D44CC0C1F51B4646 /* Workspace06View.swift */,
				BE95C4D29AE5477B63160E3E /* WorkspaceDesign.swift */,
			);
			name = KataLog;
			path = Sources/KataLog;
			sourceTree = "<group>";
		};
		791EC7E752A91483C5FC81D6 /* icon */ = {
			isa = PBXGroup;
			children = (
				15D7E9BEE4F099F75643C742 /* KataLog.icns */,
			);
			name = icon;
			path = assets/icon;
			sourceTree = "<group>";
		};
		799813F878ABB4D87CE03B62 /* KataLogCore */ = {
			isa = PBXGroup;
			children = (
				9DC881E5A3314E11ACF46DD1 /* AlertKnowledge.swift */,
				0CF1B557B87CF0542B7B021C /* AnalysisRevisionService.swift */,
				767956B06EAA778ABDE3E546 /* AnalysisService.swift */,
				54FB48920B4EBE713B760440 /* CoreLibraryUX.swift */,
				B82F6C233262E158BF9ABA17 /* DiagnosticBundle.swift */,
				64C389996F4E1F97EA8457ED /* DiagnosticJournal.swift */,
				F78C0E50EA6B58794247C08E /* DiagnosticReport.swift */,
				8B5BE6BDA87F822ED233D32F /* DroneAnnotations.swift */,
				6FD04F510482B3719AD7CD79 /* EngineOperations.swift */,
				AD541BCB131D49CF40F668A0 /* EngineRuntimeResolver.swift */,
				6C74BC6513FA9237CC8CF2AA /* EventDictionaryService.swift */,
				E9BF98186288FB77D7CDC93D /* GCSModels.swift */,
				1263800F19D2CD42409464DF /* GCSProcessService.swift */,
				509DD61E32EADEC4B75D6E54 /* GCSQueueRepository.swift */,
				5D490EED808F6F284E88FEA6 /* GCSServiceDiagnostics.swift */,
				9C7E4498DE9FA167DF465E48 /* GNSSCoverage.swift */,
				F8C9660D3F5B78E8C9897CA8 /* JSONValue.swift */,
				E16084A02D7AC8C706706D48 /* LibraryQuery.swift */,
				B2199BD4DC630CCF86B4C4F8 /* LibraryStorageService.swift */,
				46D1BE9A940609E99FB3ECAA /* LibraryWriterLease.swift */,
				49A90C24B554927A24D87CB4 /* Models.swift */,
				E7EE405B99CA1977F2472FB4 /* ParameterComparison.swift */,
				B80F2C01F1D2B5D5CB596859 /* ProcessLifetime.swift */,
				D9725E1DD4102C316B4DBDFB /* ReportExportService.swift */,
				A212A8CC9F08D187462D8ACB /* ReportInteraction.swift */,
				C3231E8CAB4E8B448FE112E3 /* ReportRenderer.swift */,
				85F83077C2622F2D653FD323 /* ReportScopeManifest.swift */,
				B026F80BFABB5D3B2AE6107F /* ReportStyle.swift */,
				DCD4A15E86B6498D3120066A /* SelectionScope.swift */,
				FC7FA7611319A2C592BE4F64 /* TelemetryReport.swift */,
				8CBB1A0BBFB7632EBE80C42A /* TelemetryService.swift */,
				3929246EF13BE77D33E614D2 /* TimelineSelection.swift */,
				DC36BEBC525C10247219C76B /* UpdatePolicy.swift */,
			);
			name = KataLogCore;
			path = Sources/KataLogCore;
			sourceTree = "<group>";
		};
		CF7CDB9A9540AAF23DC61F55 /* Resources */ = {
			isa = PBXGroup;
			children = (
				EC603D8E7A8E0DD113C174BB /* analyzer.py */,
				4788E90D9FA8547F19241078 /* flight_data.py */,
				CA3768D8DAE5602B32723F6D /* gcs_collect.py */,
				3247BD603F080AB50D31FEA9 /* library_archives.py */,
				5369C54E1184E23D26B6DAC2 /* library_reports.py */,
				F3E6103FEB3E5830E8AFE8BB /* library_repository.py */,
				4EAE586501564398DAC80B69 /* library_sources.py */,
				B1EE23A87F76652BFFAF41B7 /* library_storage.py */,
				B7B81D6550EFCFC9AB10269F /* px4_events.py */,
				293BF69519EAB96FA6E8F777 /* signal_assessment.py */,
				34AD89AA23F72FC6283E90E9 /* telemetry_extractor.py */,
			);
			name = Resources;
			path = Sources/KataLog/Resources;
			sourceTree = "<group>";
		};
		D1CFEF813CED1ACFFC70045E = {
			isa = PBXGroup;
			children = (
				791EC7E752A91483C5FC81D6 /* icon */,
				20CC674791F27DD5DD63D0E8 /* KataLog */,
				799813F878ABB4D87CE03B62 /* KataLogCore */,
				CF7CDB9A9540AAF23DC61F55 /* Resources */,
				E8619ED7B457A14A7B5E50BB /* Products */,
			);
			sourceTree = "<group>";
		};
		E8619ED7B457A14A7B5E50BB /* Products */ = {
			isa = PBXGroup;
			children = (
				67CA2340F1A10C83ADAB2077 /* KataLog.app */,
				9FE3B699A73B88B059D1ABA7 /* libKataLogCore.a */,
			);
			name = Products;
			sourceTree = "<group>";
		};
/* End PBXGroup section */

/* Begin PBXNativeTarget section */
		07B9B7041EE5E6AC4D2F4575 /* KataLogCore */ = {
			isa = PBXNativeTarget;
			buildConfigurationList = AD374EC4C27B1F4B67FC9A78 /* Build configuration list for PBXNativeTarget "KataLogCore" */;
			buildPhases = (
				475D5BFA5B57B0F3BA64920D /* Sources */,
				A60EF03AF967531579B097D0 /* Copy Swift Objective-C Interface Header */,
			);
			buildRules = (
			);
			dependencies = (
			);
			name = KataLogCore;
			packageProductDependencies = (
			);
			productName = KataLogCore;
			productReference = 9FE3B699A73B88B059D1ABA7 /* libKataLogCore.a */;
			productType = "com.apple.product-type.library.static";
		};
		1AF478270C2F2F3A7F27CD05 /* KataLog */ = {
			isa = PBXNativeTarget;
			buildConfigurationList = 30559BC6B95699A081A261D7 /* Build configuration list for PBXNativeTarget "KataLog" */;
			buildPhases = (
				938BC814A0C8EF71835E0629 /* Sources */,
				F0E65F9DAE56F89BAB00C7D8 /* Resources */,
				8924778D60D3A8778286D990 /* Frameworks */,
			);
			buildRules = (
			);
			dependencies = (
				5E7E580D22B939FD7CFDC0D2 /* PBXTargetDependency */,
			);
			name = KataLog;
			packageProductDependencies = (
				8313E156EF1AEF1010BAD510 /* Sparkle */,
			);
			productName = KataLog;
			productReference = 67CA2340F1A10C83ADAB2077 /* KataLog.app */;
			productType = "com.apple.product-type.application";
		};
/* End PBXNativeTarget section */

/* Begin PBXProject section */
		BD6FF7C02326B01276596D62 /* Project object */ = {
			isa = PBXProject;
			attributes = {
				BuildIndependentTargetsInParallel = YES;
				LastUpgradeCheck = 1430;
				TargetAttributes = {
				};
			};
			buildConfigurationList = 68CEE50574E788D01E3D2C07 /* Build configuration list for PBXProject "KataLog" */;
			developmentRegion = en;
			hasScannedForEncodings = 0;
			knownRegions = (
				Base,
				en,
			);
			mainGroup = D1CFEF813CED1ACFFC70045E;
			minimizedProjectReferenceProxies = 1;
			packageReferences = (
				5B75D652CCE9A5069D2FDE6F /* XCRemoteSwiftPackageReference "Sparkle" */,
			);
			preferredProjectObjectVersion = 77;
			productRefGroup = E8619ED7B457A14A7B5E50BB /* Products */;
			projectDirPath = "";
			projectRoot = "";
			targets = (
				1AF478270C2F2F3A7F27CD05 /* KataLog */,
				07B9B7041EE5E6AC4D2F4575 /* KataLogCore */,
			);
		};
/* End PBXProject section */

/* Begin PBXResourcesBuildPhase section */
		F0E65F9DAE56F89BAB00C7D8 /* Resources */ = {
			isa = PBXResourcesBuildPhase;
			buildActionMask = 2147483647;
			files = (
				FE6A095B24CDDEAE2DFB193B /* KataLog.icns in Resources */,
				1138F55D7398D96D8093D951 /* analyzer.py in Resources */,
				0F0CC77AF5A17C689B4646C3 /* flight_data.py in Resources */,
				4DE75377E0595A1F4D9CAF16 /* gcs_collect.py in Resources */,
				4223A85F86AB072D4D8A8869 /* library_archives.py in Resources */,
				91657763976C25B68DA10FC2 /* library_reports.py in Resources */,
				A8733E5DE8EE1895DF681CF7 /* library_repository.py in Resources */,
				2C65A8F9F63417D88CC74C2F /* library_sources.py in Resources */,
				4F67B7410FF75722B6A99E25 /* library_storage.py in Resources */,
				01FAD357C747066DFEAB7B90 /* px4_events.py in Resources */,
				AD99079BA035AFD388F3DD67 /* signal_assessment.py in Resources */,
				CA5280482EA82FEC2B0460D6 /* telemetry_extractor.py in Resources */,
			);
			runOnlyForDeploymentPostprocessing = 0;
		};
/* End PBXResourcesBuildPhase section */

/* Begin PBXShellScriptBuildPhase section */
		A60EF03AF967531579B097D0 /* Copy Swift Objective-C Interface Header */ = {
			isa = PBXShellScriptBuildPhase;
			buildActionMask = 2147483647;
			files = (
			);
			inputPaths = (
				"$(DERIVED_SOURCES_DIR)/$(SWIFT_OBJC_INTERFACE_HEADER_NAME)",
			);
			name = "Copy Swift Objective-C Interface Header";
			outputPaths = (
				"$(BUILT_PRODUCTS_DIR)/include/$(PRODUCT_MODULE_NAME)/$(SWIFT_OBJC_INTERFACE_HEADER_NAME)",
			);
			runOnlyForDeploymentPostprocessing = 0;
			shellPath = /bin/sh;
			shellScript = "ditto \"${SCRIPT_INPUT_FILE_0}\" \"${SCRIPT_OUTPUT_FILE_0}\"\n";
		};
/* End PBXShellScriptBuildPhase section */

/* Begin PBXSourcesBuildPhase section */
		475D5BFA5B57B0F3BA64920D /* Sources */ = {
			isa = PBXSourcesBuildPhase;
			buildActionMask = 2147483647;
			files = (
				9D3BC30BE8EEE560D0CC2E2D /* AlertKnowledge.swift in Sources */,
				C4F2D97AF71575A2FB74F124 /* AnalysisRevisionService.swift in Sources */,
				3CD6BF0C8CCD4BF5408696DC /* AnalysisService.swift in Sources */,
				7C6D3C71BF1E27AF0BE9FD75 /* CoreLibraryUX.swift in Sources */,
				0FE523BE994B69EE4D178BA2 /* DiagnosticBundle.swift in Sources */,
				BC04B7ED21CDBEB3B1D0C293 /* DiagnosticJournal.swift in Sources */,
				C1396172B3A5C1F2B5E7BD1C /* DiagnosticReport.swift in Sources */,
				D3F7E1E2E6A7AD254836BFC0 /* DroneAnnotations.swift in Sources */,
				4886455A754F4290297CBE4A /* EngineOperations.swift in Sources */,
				3ED9370C71C3E4285F21B031 /* EngineRuntimeResolver.swift in Sources */,
				939E976794446F159D4DB445 /* EventDictionaryService.swift in Sources */,
				6EF20646AD4817137B1BC471 /* GCSModels.swift in Sources */,
				2B111F3CA61E9B43BCEA891B /* GCSProcessService.swift in Sources */,
				6F05FE6129C7D6A5FBA722D4 /* GCSQueueRepository.swift in Sources */,
				D3F7966C77D1C5980BE95B9E /* GCSServiceDiagnostics.swift in Sources */,
				EE5A65B72D33A317E7F01884 /* GNSSCoverage.swift in Sources */,
				C533326012BD2DBE67655764 /* JSONValue.swift in Sources */,
				D3A4FC0103B350AEC902C4B6 /* LibraryQuery.swift in Sources */,
				7706D666FE74BF8BB7DC6420 /* LibraryStorageService.swift in Sources */,
				B733E9AEBC091B4723F3A709 /* LibraryWriterLease.swift in Sources */,
				3B5A50C2502810407C46FBA6 /* Models.swift in Sources */,
				4B86F6CCC67DEDF0E5E9AA45 /* ParameterComparison.swift in Sources */,
				E05CC86685E9C9432B51D1A9 /* ProcessLifetime.swift in Sources */,
				8BFD16EE6274FB18DA381311 /* ReportExportService.swift in Sources */,
				9E8B88AC99D42CB8A7CF9A23 /* ReportInteraction.swift in Sources */,
				3BC941433531EB6D0D29FF87 /* ReportRenderer.swift in Sources */,
				C6D2F3D7E4D8B652FFD556EB /* ReportScopeManifest.swift in Sources */,
				E0171A9EE311264A85A19C0E /* ReportStyle.swift in Sources */,
				0F2557868602850F27FA4AF1 /* SelectionScope.swift in Sources */,
				9470399B4461298CF8830C84 /* TelemetryReport.swift in Sources */,
				BCEDFB76A3E1C64E537F005D /* TelemetryService.swift in Sources */,
				C6FC5437E52C9A884CA5D236 /* TimelineSelection.swift in Sources */,
				8DA6390DA4C619A1F354FBE0 /* UpdatePolicy.swift in Sources */,
			);
			runOnlyForDeploymentPostprocessing = 0;
		};
		938BC814A0C8EF71835E0629 /* Sources */ = {
			isa = PBXSourcesBuildPhase;
			buildActionMask = 2147483647;
			files = (
				1F79A47BEF8649BAF132A57F /* AlertExplanationView.swift in Sources */,
				EBF73258F86F97774D49F830 /* AnalysisRevisionsView.swift in Sources */,
				54EDE7EFFC2FA19C752E51E3 /* AppPreviewConfiguration.swift in Sources */,
				244CACA55F30DDA40588BBA7 /* ApplicationLifecycle.swift in Sources */,
				B74F8DD4BE4540C99EFAD435 /* DiagnosticStore.swift in Sources */,
				B0177B018900B553C71F4DC6 /* DiagnosticView.swift in Sources */,
				4F0878508BC3F619360FC520 /* DroneAnnotationStore.swift in Sources */,
				06363387B2ACC69BB5BBDBB0 /* DroneAnnotationViews.swift in Sources */,
				0BDEB2BD8A2DDE5F525C0A51 /* DroneRegistryView.swift in Sources */,
				E0C026A3A1A1B6D54E6AC3A3 /* EventBrowserView.swift in Sources */,
				EA5556CA10BD284FEA285397 /* FleetMapView.swift in Sources */,
				9FE53A4AB01CA1A65997F1F3 /* FlightAnalysisView.swift in Sources */,
				C9210DFBEBBEDA89BED4FCF3 /* FlightDetailView.swift in Sources */,
				D239355F95D69EC834380D99 /* FlightSheet06.swift in Sources */,
				84987209B56C609F522B0BDA /* FlightStudyStore.swift in Sources */,
				E74F447128F666DE6B29CB5D /* GCSCollectionView.swift in Sources */,
				028F506545A2CC000DC10FF8 /* GCSFleetObservationStore.swift in Sources */,
				AFC4E1BC00350A4426AD22E7 /* GCSStore.swift in Sources */,
				0B2871C810BAEDD6AD60B155 /* ImportOptions06.swift in Sources */,
				3898E772B1A14F8BC289D101 /* LibraryHelpViews.swift in Sources */,
				1E5EA08A906E690DDCE90454 /* LibraryStorageStore.swift in Sources */,
				3470A2C48748F4BAD520EEAF /* LibraryStore.swift in Sources */,
				091C66D92888242DA707372B /* LibraryViewStore.swift in Sources */,
				77F0C88A506BE0B40E028ED3 /* MaskImpact06.swift in Sources */,
				AD703E61D8DD32144C991593 /* RecordedMetadataView.swift in Sources */,
				0CCAF21EB6BE6CB9D2590097 /* ReportPreviewStore.swift in Sources */,
				C95D637CF952A96D6CD0907C /* ScopeEditor06.swift in Sources */,
				8AE37F23A9C80658CAD06EFC /* SourcesImportStore.swift in Sources */,
				4765C3F67E0138495E6EBF07 /* SourcesImportView.swift in Sources */,
				F65723071801E971BF3CE7B7 /* UpdateSettingsView.swift in Sources */,
				CB71A87047390D93774FA67F /* UpdateStore.swift in Sources */,
				85D4FA6D7AABAE03E8CA7736 /* Workspace06View.swift in Sources */,
				5165BFA8B0EC7811C04BEF1F /* WorkspaceDesign.swift in Sources */,
				63DA243174849ADBE2F827BB /* main.swift in Sources */,
			);
			runOnlyForDeploymentPostprocessing = 0;
		};
/* End PBXSourcesBuildPhase section */

/* Begin PBXTargetDependency section */
		5E7E580D22B939FD7CFDC0D2 /* PBXTargetDependency */ = {
			isa = PBXTargetDependency;
			target = 07B9B7041EE5E6AC4D2F4575 /* KataLogCore */;
			targetProxy = 89B3660F1F778385246D69F0 /* PBXContainerItemProxy */;
		};
/* End PBXTargetDependency section */

/* Begin XCBuildConfiguration section */
		4586E90F80E8E7172332936F /* Release */ = {
			isa = XCBuildConfiguration;
			buildSettings = {
				ALWAYS_SEARCH_USER_PATHS = NO;
				CLANG_ANALYZER_NONNULL = YES;
				CLANG_ANALYZER_NUMBER_OBJECT_CONVERSION = YES_AGGRESSIVE;
				CLANG_CXX_LANGUAGE_STANDARD = "gnu++14";
				CLANG_CXX_LIBRARY = "libc++";
				CLANG_ENABLE_MODULES = YES;
				CLANG_ENABLE_OBJC_ARC = YES;
				CLANG_ENABLE_OBJC_WEAK = YES;
				CLANG_WARN_BLOCK_CAPTURE_AUTORELEASING = YES;
				CLANG_WARN_BOOL_CONVERSION = YES;
				CLANG_WARN_COMMA = YES;
				CLANG_WARN_CONSTANT_CONVERSION = YES;
				CLANG_WARN_DEPRECATED_OBJC_IMPLEMENTATIONS = YES;
				CLANG_WARN_DIRECT_OBJC_ISA_USAGE = YES_ERROR;
				CLANG_WARN_DOCUMENTATION_COMMENTS = YES;
				CLANG_WARN_EMPTY_BODY = YES;
				CLANG_WARN_ENUM_CONVERSION = YES;
				CLANG_WARN_INFINITE_RECURSION = YES;
				CLANG_WARN_INT_CONVERSION = YES;
				CLANG_WARN_NON_LITERAL_NULL_CONVERSION = YES;
				CLANG_WARN_OBJC_IMPLICIT_RETAIN_SELF = YES;
				CLANG_WARN_OBJC_LITERAL_CONVERSION = YES;
				CLANG_WARN_OBJC_ROOT_CLASS = YES_ERROR;
				CLANG_WARN_QUOTED_INCLUDE_IN_FRAMEWORK_HEADER = YES;
				CLANG_WARN_RANGE_LOOP_ANALYSIS = YES;
				CLANG_WARN_STRICT_PROTOTYPES = YES;
				CLANG_WARN_SUSPICIOUS_MOVE = YES;
				CLANG_WARN_UNGUARDED_AVAILABILITY = YES_AGGRESSIVE;
				CLANG_WARN_UNREACHABLE_CODE = YES;
				CLANG_WARN__DUPLICATE_METHOD_MATCH = YES;
				CODE_SIGNING_ALLOWED = NO;
				COPY_PHASE_STRIP = NO;
				DEBUG_INFORMATION_FORMAT = "dwarf-with-dsym";
				ENABLE_NS_ASSERTIONS = NO;
				ENABLE_STRICT_OBJC_MSGSEND = YES;
				GCC_C_LANGUAGE_STANDARD = gnu11;
				GCC_NO_COMMON_BLOCKS = YES;
				GCC_WARN_64_TO_32_BIT_CONVERSION = YES;
				GCC_WARN_ABOUT_RETURN_TYPE = YES_ERROR;
				GCC_WARN_UNDECLARED_SELECTOR = YES;
				GCC_WARN_UNINITIALIZED_AUTOS = YES_AGGRESSIVE;
				GCC_WARN_UNUSED_FUNCTION = YES;
				GCC_WARN_UNUSED_VARIABLE = YES;
				MACOSX_DEPLOYMENT_TARGET = 15.0;
				MTL_ENABLE_DEBUG_INFO = NO;
				MTL_FAST_MATH = YES;
				PRODUCT_NAME = "$(TARGET_NAME)";
				SDKROOT = macosx;
				SWIFT_COMPILATION_MODE = wholemodule;
				SWIFT_OPTIMIZATION_LEVEL = "-O";
				SWIFT_VERSION = 6.0;
			};
			name = Release;
		};
		51D335C090C9E66C8F0B234C /* Debug */ = {
			isa = XCBuildConfiguration;
			buildSettings = {
				ALWAYS_SEARCH_USER_PATHS = NO;
				CLANG_ANALYZER_NONNULL = YES;
				CLANG_ANALYZER_NUMBER_OBJECT_CONVERSION = YES_AGGRESSIVE;
				CLANG_CXX_LANGUAGE_STANDARD = "gnu++14";
				CLANG_CXX_LIBRARY = "libc++";
				CLANG_ENABLE_MODULES = YES;
				CLANG_ENABLE_OBJC_ARC = YES;
				CLANG_ENABLE_OBJC_WEAK = YES;
				CLANG_WARN_BLOCK_CAPTURE_AUTORELEASING = YES;
				CLANG_WARN_BOOL_CONVERSION = YES;
				CLANG_WARN_COMMA = YES;
				CLANG_WARN_CONSTANT_CONVERSION = YES;
				CLANG_WARN_DEPRECATED_OBJC_IMPLEMENTATIONS = YES;
				CLANG_WARN_DIRECT_OBJC_ISA_USAGE = YES_ERROR;
				CLANG_WARN_DOCUMENTATION_COMMENTS = YES;
				CLANG_WARN_EMPTY_BODY = YES;
				CLANG_WARN_ENUM_CONVERSION = YES;
				CLANG_WARN_INFINITE_RECURSION = YES;
				CLANG_WARN_INT_CONVERSION = YES;
				CLANG_WARN_NON_LITERAL_NULL_CONVERSION = YES;
				CLANG_WARN_OBJC_IMPLICIT_RETAIN_SELF = YES;
				CLANG_WARN_OBJC_LITERAL_CONVERSION = YES;
				CLANG_WARN_OBJC_ROOT_CLASS = YES_ERROR;
				CLANG_WARN_QUOTED_INCLUDE_IN_FRAMEWORK_HEADER = YES;
				CLANG_WARN_RANGE_LOOP_ANALYSIS = YES;
				CLANG_WARN_STRICT_PROTOTYPES = YES;
				CLANG_WARN_SUSPICIOUS_MOVE = YES;
				CLANG_WARN_UNGUARDED_AVAILABILITY = YES_AGGRESSIVE;
				CLANG_WARN_UNREACHABLE_CODE = YES;
				CLANG_WARN__DUPLICATE_METHOD_MATCH = YES;
				CODE_SIGNING_ALLOWED = NO;
				COPY_PHASE_STRIP = NO;
				DEBUG_INFORMATION_FORMAT = dwarf;
				ENABLE_STRICT_OBJC_MSGSEND = YES;
				ENABLE_TESTABILITY = YES;
				GCC_C_LANGUAGE_STANDARD = gnu11;
				GCC_DYNAMIC_NO_PIC = NO;
				GCC_NO_COMMON_BLOCKS = YES;
				GCC_OPTIMIZATION_LEVEL = 0;
				GCC_PREPROCESSOR_DEFINITIONS = (
					"$(inherited)",
					"DEBUG=1",
				);
				GCC_WARN_64_TO_32_BIT_CONVERSION = YES;
				GCC_WARN_ABOUT_RETURN_TYPE = YES_ERROR;
				GCC_WARN_UNDECLARED_SELECTOR = YES;
				GCC_WARN_UNINITIALIZED_AUTOS = YES_AGGRESSIVE;
				GCC_WARN_UNUSED_FUNCTION = YES;
				GCC_WARN_UNUSED_VARIABLE = YES;
				MACOSX_DEPLOYMENT_TARGET = 15.0;
				MTL_ENABLE_DEBUG_INFO = INCLUDE_SOURCE;
				MTL_FAST_MATH = YES;
				ONLY_ACTIVE_ARCH = YES;
				PRODUCT_NAME = "$(TARGET_NAME)";
				SDKROOT = macosx;
				SWIFT_ACTIVE_COMPILATION_CONDITIONS = DEBUG;
				SWIFT_OPTIMIZATION_LEVEL = "-Onone";
				SWIFT_VERSION = 6.0;
			};
			name = Debug;
		};
		725F5C7B8D1BADC07994CB79 /* Debug */ = {
			isa = XCBuildConfiguration;
			buildSettings = {
				COMBINE_HIDPI_IMAGES = YES;
				LD_RUNPATH_SEARCH_PATHS = (
					"$(inherited)",
					"@executable_path/../Frameworks",
				);
				PRODUCT_BUNDLE_IDENTIFIER = com.mehdiguiard.KataLogCore;
				SDKROOT = macosx;
				SKIP_INSTALL = YES;
			};
			name = Debug;
		};
		7821195D4F92F13CF50E38C1 /* Release */ = {
			isa = XCBuildConfiguration;
			buildSettings = {
				COMBINE_HIDPI_IMAGES = YES;
				LD_RUNPATH_SEARCH_PATHS = (
					"$(inherited)",
					"@executable_path/../Frameworks",
				);
				PRODUCT_BUNDLE_IDENTIFIER = com.mehdiguiard.KataLogCore;
				SDKROOT = macosx;
				SKIP_INSTALL = YES;
			};
			name = Release;
		};
		7BD14548201395B919D98172 /* Release */ = {
			isa = XCBuildConfiguration;
			buildSettings = {
				ASSETCATALOG_COMPILER_APPICON_NAME = AppIcon;
				COMBINE_HIDPI_IMAGES = YES;
				CURRENT_PROJECT_VERSION = 15;
				GENERATE_INFOPLIST_FILE = YES;
				INFOPLIST_KEY_CFBundleDisplayName = KataLog;
				INFOPLIST_KEY_CFBundleIconFile = KataLog;
				INFOPLIST_KEY_KatalogSparkleVersion = 2.10.0;
				INFOPLIST_KEY_KatalogUpdateChannel = disabled;
				INFOPLIST_KEY_KatalogUpdatesEnabled = NO;
				INFOPLIST_KEY_LSApplicationCategoryType = "public.app-category.productivity";
				INFOPLIST_KEY_NSDesktopFolderUsageDescription = "KataLog accède aux dossiers de logs choisis sur votre Bureau pour les analyser et y conserver les copies collectées.";
				INFOPLIST_KEY_NSLocalNetworkUsageDescription = "KataLog se connecte à votre GCS pour découvrir votre flotte et récupérer ses logs.";
				INFOPLIST_KEY_SUAllowsAutomaticUpdates = NO;
				INFOPLIST_KEY_SUAutomaticallyUpdate = NO;
				INFOPLIST_KEY_SUEnableAutomaticChecks = NO;
				INFOPLIST_KEY_SUEnableJavaScript = NO;
				INFOPLIST_KEY_SUEnableSystemProfiling = NO;
				INFOPLIST_KEY_SURequireSignedFeed = YES;
				INFOPLIST_KEY_SUSignedFeedFailureExpirationInterval = 0;
				INFOPLIST_KEY_SUVerifyUpdateBeforeExtraction = YES;
				LD_RUNPATH_SEARCH_PATHS = (
					"$(inherited)",
					"@executable_path/../Frameworks",
				);
				MARKETING_VERSION = 0.6.1;
				OTHER_LDFLAGS = (
					"$(inherited)",
					"-ObjC",
				);
				PRODUCT_BUNDLE_IDENTIFIER = com.mehdiguiard.katalog;
				SDKROOT = macosx;
				SWIFT_EMIT_LOC_STRINGS = YES;
			};
			name = Release;
		};
		AEA03AA5158083DF523D0121 /* Debug */ = {
			isa = XCBuildConfiguration;
			buildSettings = {
				ASSETCATALOG_COMPILER_APPICON_NAME = AppIcon;
				COMBINE_HIDPI_IMAGES = YES;
				CURRENT_PROJECT_VERSION = 15;
				GENERATE_INFOPLIST_FILE = YES;
				INFOPLIST_KEY_CFBundleDisplayName = KataLog;
				INFOPLIST_KEY_CFBundleIconFile = KataLog;
				INFOPLIST_KEY_KatalogSparkleVersion = 2.10.0;
				INFOPLIST_KEY_KatalogUpdateChannel = disabled;
				INFOPLIST_KEY_KatalogUpdatesEnabled = NO;
				INFOPLIST_KEY_LSApplicationCategoryType = "public.app-category.productivity";
				INFOPLIST_KEY_NSDesktopFolderUsageDescription = "KataLog accède aux dossiers de logs choisis sur votre Bureau pour les analyser et y conserver les copies collectées.";
				INFOPLIST_KEY_NSLocalNetworkUsageDescription = "KataLog se connecte à votre GCS pour découvrir votre flotte et récupérer ses logs.";
				INFOPLIST_KEY_SUAllowsAutomaticUpdates = NO;
				INFOPLIST_KEY_SUAutomaticallyUpdate = NO;
				INFOPLIST_KEY_SUEnableAutomaticChecks = NO;
				INFOPLIST_KEY_SUEnableJavaScript = NO;
				INFOPLIST_KEY_SUEnableSystemProfiling = NO;
				INFOPLIST_KEY_SURequireSignedFeed = YES;
				INFOPLIST_KEY_SUSignedFeedFailureExpirationInterval = 0;
				INFOPLIST_KEY_SUVerifyUpdateBeforeExtraction = YES;
				LD_RUNPATH_SEARCH_PATHS = (
					"$(inherited)",
					"@executable_path/../Frameworks",
				);
				MARKETING_VERSION = 0.6.1;
				OTHER_LDFLAGS = (
					"$(inherited)",
					"-ObjC",
				);
				PRODUCT_BUNDLE_IDENTIFIER = com.mehdiguiard.katalog;
				SDKROOT = macosx;
				SWIFT_EMIT_LOC_STRINGS = YES;
			};
			name = Debug;
		};
/* End XCBuildConfiguration section */

/* Begin XCConfigurationList section */
		30559BC6B95699A081A261D7 /* Build configuration list for PBXNativeTarget "KataLog" */ = {
			isa = XCConfigurationList;
			buildConfigurations = (
				AEA03AA5158083DF523D0121 /* Debug */,
				7BD14548201395B919D98172 /* Release */,
			);
			defaultConfigurationIsVisible = 0;
			defaultConfigurationName = Debug;
		};
		68CEE50574E788D01E3D2C07 /* Build configuration list for PBXProject "KataLog" */ = {
			isa = XCConfigurationList;
			buildConfigurations = (
				51D335C090C9E66C8F0B234C /* Debug */,
				4586E90F80E8E7172332936F /* Release */,
			);
			defaultConfigurationIsVisible = 0;
			defaultConfigurationName = Debug;
		};
		AD374EC4C27B1F4B67FC9A78 /* Build configuration list for PBXNativeTarget "KataLogCore" */ = {
			isa = XCConfigurationList;
			buildConfigurations = (
				725F5C7B8D1BADC07994CB79 /* Debug */,
				7821195D4F92F13CF50E38C1 /* Release */,
			);
			defaultConfigurationIsVisible = 0;
			defaultConfigurationName = Debug;
		};
/* End XCConfigurationList section */

/* Begin XCRemoteSwiftPackageReference section */
		5B75D652CCE9A5069D2FDE6F /* XCRemoteSwiftPackageReference "Sparkle" */ = {
			isa = XCRemoteSwiftPackageReference;
			repositoryURL = "https://github.com/sparkle-project/Sparkle";
			requirement = {
				kind = exactVersion;
				version = 2.10.0;
			};
		};
/* End XCRemoteSwiftPackageReference section */

/* Begin XCSwiftPackageProductDependency section */
		8313E156EF1AEF1010BAD510 /* Sparkle */ = {
			isa = XCSwiftPackageProductDependency;
			package = 5B75D652CCE9A5069D2FDE6F /* XCRemoteSwiftPackageReference "Sparkle" */;
			productName = Sparkle;
		};
/* End XCSwiftPackageProductDependency section */
	};
	rootObject = BD6FF7C02326B01276596D62 /* Project object */;
}
